
Microsoft Visual Studio Solution File, Format Version 12.00
# Visual Studio Version 17
VisualStudioVersion = 17.8.34525.116
MinimumVisualStudioVersion = 10.0.40219.1
Project("{9A19103F-16F7-4668-BE54-9A1E7A4F7556}") = "testprojectwithapi", "testprojectwithapi.csproj", "{1AD23941-5603-418D-8520-F405070A82B3}"
EndProject
Project("{00D1A9C2-B5F0-4AF3-8072-F6C62B433612}") = "test", "C:\Users\Admin\source\repos\test\test.sqlproj", "{968B9558-D420-432B-9754-C033ACE0C0CA}"
EndProject
Global
	GlobalSection(SolutionConfigurationPlatforms) = preSolution
		Debug|Any CPU = Debug|Any CPU
		Release|Any CPU = Release|Any CPU
	EndGlobalSection
	GlobalSection(ProjectConfigurationPlatforms) = postSolution
		{1AD23941-5603-418D-8520-F405070A82B3}.Debug|Any CPU.ActiveCfg = Debug|Any CPU
		{1AD23941-5603-418D-8520-F405070A82B3}.Debug|Any CPU.Build.0 = Debug|Any CPU
		{1AD23941-5603-418D-8520-F405070A82B3}.Release|Any CPU.ActiveCfg = Release|Any CPU
		{1AD23941-5603-418D-8520-F405070A82B3}.Release|Any CPU.Build.0 = Release|Any CPU
		{968B9558-D420-432B-9754-C033ACE0C0CA}.Debug|Any CPU.ActiveCfg = Debug|Any CPU
		{968B9558-D420-432B-9754-C033ACE0C0CA}.Debug|Any CPU.Build.0 = Debug|Any CPU
		{968B9558-D420-432B-9754-C033ACE0C0CA}.Debug|Any CPU.Deploy.0 = Debug|Any CPU
		{968B9558-D420-432B-9754-C033ACE0C0CA}.Release|Any CPU.ActiveCfg = Release|Any CPU
		{968B9558-D420-432B-9754-C033ACE0C0CA}.Release|Any CPU.Build.0 = Release|Any CPU
		{968B9558-D420-432B-9754-C033ACE0C0CA}.Release|Any CPU.Deploy.0 = Release|Any CPU
	EndGlobalSection
	GlobalSection(SolutionProperties) = preSolution
		HideSolutionNode = FALSE
	EndGlobalSection
	GlobalSection(ExtensibilityGlobals) = postSolution
		SolutionGuid = {FF63FE9F-F93C-45A0-9999-8235C86778C7}
	EndGlobalSection
EndGlobal
